
Microsoft Visual Studio Solution File, Format Version 12.00
# Visual Studio Version 16
VisualStudioVersion = 25.0.1706.4
MinimumVisualStudioVersion = 10.0.40219.1
Project("{FAE04EC0-301F-11D3-BF4B-00C04F79EFBC}") = "MauiUpgradeBuildError", "MauiUpgradeBuildError\MauiUpgradeBuildError.csproj", "{4E6B7322-AB51-4B34-800D-A20C59994621}"
EndProject
Project("{FAE04EC0-301F-11D3-BF4B-00C04F79EFBC}") = "Nielsen.7z.iOS", "Nielsen.7z.iOS\Nielsen.7z.iOS.csproj", "{176FC04C-89F7-4A05-90BE-56D57E5AE1FC}"
EndProject
Global
	GlobalSection(SolutionConfigurationPlatforms) = preSolution
		Debug|Any CPU = Debug|Any CPU
		Release|Any CPU = Release|Any CPU
		Debug_Nuget|Any CPU = Debug_Nuget|Any CPU
	EndGlobalSection
	GlobalSection(ProjectConfigurationPlatforms) = postSolution
		{4E6B7322-AB51-4B34-800D-A20C59994621}.Debug|Any CPU.ActiveCfg = Debug|Any CPU
		{4E6B7322-AB51-4B34-800D-A20C59994621}.Debug|Any CPU.Build.0 = Debug|Any CPU
		{4E6B7322-AB51-4B34-800D-A20C59994621}.Release|Any CPU.ActiveCfg = Release|Any CPU
		{4E6B7322-AB51-4B34-800D-A20C59994621}.Release|Any CPU.Build.0 = Release|Any CPU
		{4E6B7322-AB51-4B34-800D-A20C59994621}.Debug_Nuget|Any CPU.ActiveCfg = Debug|Any CPU
		{4E6B7322-AB51-4B34-800D-A20C59994621}.Debug_Nuget|Any CPU.Build.0 = Debug|Any CPU
		{176FC04C-89F7-4A05-90BE-56D57E5AE1FC}.Debug|Any CPU.ActiveCfg = Debug|Any CPU
		{176FC04C-89F7-4A05-90BE-56D57E5AE1FC}.Debug|Any CPU.Build.0 = Debug|Any CPU
		{176FC04C-89F7-4A05-90BE-56D57E5AE1FC}.Release|Any CPU.ActiveCfg = Release|Any CPU
		{176FC04C-89F7-4A05-90BE-56D57E5AE1FC}.Release|Any CPU.Build.0 = Release|Any CPU
		{176FC04C-89F7-4A05-90BE-56D57E5AE1FC}.Debug_Nuget|Any CPU.ActiveCfg = Debug_Nuget|Any CPU
		{176FC04C-89F7-4A05-90BE-56D57E5AE1FC}.Debug_Nuget|Any CPU.Build.0 = Debug_Nuget|Any CPU
	EndGlobalSection
	GlobalSection(SolutionProperties) = preSolution
		HideSolutionNode = FALSE
	EndGlobalSection
	GlobalSection(ExtensibilityGlobals) = postSolution
		SolutionGuid = {09266B8E-EAB2-4709-943D-108ED19F3C0C}
	EndGlobalSection
EndGlobal
